
Microsoft Visual Studio Solution File, Format Version 12.00
# Visual Studio Version 17
VisualStudioVersion = 17.7.34024.191
MinimumVisualStudioVersion = 10.0.40219.1
Project("{FAE04EC0-301F-11D3-BF4B-00C04F79EFBC}") = "mixandmatchv3", "mixandmatchv3\mixandmatchv3.csproj", "{613EB4CC-0F66-4B7C-977A-C9B5DF89B430}"
EndProject
Project("{FAE04EC0-301F-11D3-BF4B-00C04F79EFBC}") = "DTO", "DTO\DTO.csproj", "{C5B47C71-20C2-49DA-B076-9867690BC9D8}"
EndProject
Global
	GlobalSection(SolutionConfigurationPlatforms) = preSolution
		Debug|Any CPU = Debug|Any CPU
		Release|Any CPU = Release|Any CPU
	EndGlobalSection
	GlobalSection(ProjectConfigurationPlatforms) = postSolution
		{613EB4CC-0F66-4B7C-977A-C9B5DF89B430}.Debug|Any CPU.ActiveCfg = Debug|Any CPU
		{613EB4CC-0F66-4B7C-977A-C9B5DF89B430}.Debug|Any CPU.Build.0 = Debug|Any CPU
		{613EB4CC-0F66-4B7C-977A-C9B5DF89B430}.Release|Any CPU.ActiveCfg = Release|Any CPU
		{613EB4CC-0F66-4B7C-977A-C9B5DF89B430}.Release|Any CPU.Build.0 = Release|Any CPU
		{C5B47C71-20C2-49DA-B076-9867690BC9D8}.Debug|Any CPU.ActiveCfg = Debug|Any CPU
		{C5B47C71-20C2-49DA-B076-9867690BC9D8}.Debug|Any CPU.Build.0 = Debug|Any CPU
		{C5B47C71-20C2-49DA-B076-9867690BC9D8}.Release|Any CPU.ActiveCfg = Release|Any CPU
		{C5B47C71-20C2-49DA-B076-9867690BC9D8}.Release|Any CPU.Build.0 = Release|Any CPU
	EndGlobalSection
	GlobalSection(SolutionProperties) = preSolution
		HideSolutionNode = FALSE
	EndGlobalSection
	GlobalSection(ExtensibilityGlobals) = postSolution
		SolutionGuid = {CA40556A-0147-4611-ADE0-EA5A48B0E879}
	EndGlobalSection
EndGlobal
